
Microsoft Visual Studio Solution File, Format Version 12.00
# Visual Studio Version 17
VisualStudioVersion = 17.0.32014.148
MinimumVisualStudioVersion = 10.0.40219.1
Project("{FAE04EC0-301F-11D3-BF4B-00C04F79EFBC}") = "VMPM", "VMPM\VMPM.csproj", "{47AD9D9D-2AD6-46EE-B203-73213963808D}"
EndProject
Global
	GlobalSection(SolutionConfigurationPlatforms) = preSolution
		Debug|Any CPU = Debug|Any CPU
		Release|Any CPU = Release|Any CPU
	EndGlobalSection
	GlobalSection(ProjectConfigurationPlatforms) = postSolution
		{47AD9D9D-2AD6-46EE-B203-73213963808D}.Debug|Any CPU.ActiveCfg = Debug|Any CPU
		{47AD9D9D-2AD6-46EE-B203-73213963808D}.Debug|Any CPU.Build.0 = Debug|Any CPU
		{47AD9D9D-2AD6-46EE-B203-73213963808D}.Release|Any CPU.ActiveCfg = Release|Any CPU
		{47AD9D9D-2AD6-46EE-B203-73213963808D}.Release|Any CPU.Build.0 = Release|Any CPU
	EndGlobalSection
	GlobalSection(SolutionProperties) = preSolution
		HideSolutionNode = FALSE
	EndGlobalSection
	GlobalSection(ExtensibilityGlobals) = postSolution
		SolutionGuid = {ACA21061-D8B6-4FC9-A3A3-BCE7DC050570}
	EndGlobalSection
EndGlobal
